
Microsoft Visual Studio Solution File, Format Version 12.00
# Visual Studio Version 17
VisualStudioVersion = 17.10.34928.147
MinimumVisualStudioVersion = 10.0.40219.1
Project("{9A19103F-16F7-4668-BE54-9A1E7A4F7556}") = "ClockPageAlgorithm", "clockPagePolicy\ClockPageAlgorithm.csproj", "{70E1FA11-8F0E-4577-879B-019E591DE9FB}"
EndProject
Project("{2150E333-8FDC-42A3-9474-1A3956D46DE8}") = "Solution Items", "Solution Items", "{F344166C-A308-4ADF-8DDA-8E56A25AC2B5}"
	ProjectSection(SolutionItems) = preProject
		ClockPage.sln = ClockPage.sln
	EndProjectSection
EndProject
Global
	GlobalSection(SolutionConfigurationPlatforms) = preSolution
		Debug|Any CPU = Debug|Any CPU
		Release|Any CPU = Release|Any CPU
	EndGlobalSection
	GlobalSection(ProjectConfigurationPlatforms) = postSolution
		{70E1FA11-8F0E-4577-879B-019E591DE9FB}.Debug|Any CPU.ActiveCfg = Debug|Any CPU
		{70E1FA11-8F0E-4577-879B-019E591DE9FB}.Debug|Any CPU.Build.0 = Debug|Any CPU
		{70E1FA11-8F0E-4577-879B-019E591DE9FB}.Release|Any CPU.ActiveCfg = Release|Any CPU
		{70E1FA11-8F0E-4577-879B-019E591DE9FB}.Release|Any CPU.Build.0 = Release|Any CPU
	EndGlobalSection
	GlobalSection(SolutionProperties) = preSolution
		HideSolutionNode = FALSE
	EndGlobalSection
	GlobalSection(ExtensibilityGlobals) = postSolution
		SolutionGuid = {48894D70-D206-45E8-8B0E-F3F98EA229FF}
	EndGlobalSection
EndGlobal
