
Microsoft Visual Studio Solution File, Format Version 12.00
# Visual Studio Version 17
VisualStudioVersion = 17.10.34928.147
MinimumVisualStudioVersion = 10.0.40219.1
Project("{FAE04EC0-301F-11D3-BF4B-00C04F79EFBC}") = "clockPagetest1", "clockPagetest1\clockPagetest1.csproj", "{2F28E668-ED15-410C-8D39-EA1B3AE739A8}"
EndProject
Global
	GlobalSection(SolutionConfigurationPlatforms) = preSolution
		Debug|Any CPU = Debug|Any CPU
		Release|Any CPU = Release|Any CPU
	EndGlobalSection
	GlobalSection(ProjectConfigurationPlatforms) = postSolution
		{2F28E668-ED15-410C-8D39-EA1B3AE739A8}.Debug|Any CPU.ActiveCfg = Debug|Any CPU
		{2F28E668-ED15-410C-8D39-EA1B3AE739A8}.Debug|Any CPU.Build.0 = Debug|Any CPU
		{2F28E668-ED15-410C-8D39-EA1B3AE739A8}.Release|Any CPU.ActiveCfg = Release|Any CPU
		{2F28E668-ED15-410C-8D39-EA1B3AE739A8}.Release|Any CPU.Build.0 = Release|Any CPU
	EndGlobalSection
	GlobalSection(SolutionProperties) = preSolution
		HideSolutionNode = FALSE
	EndGlobalSection
	GlobalSection(ExtensibilityGlobals) = postSolution
		SolutionGuid = {7B7D1F33-3214-472F-A8FE-5E544BB48B81}
	EndGlobalSection
EndGlobal
